// !$*UTF8*$!
{
	archiveVersion = 1;
	classes = {
	};
	objectVersion = 46;
	objects = {

/* Begin PBXBuildFile section */
		771602541BFEE78E00FC9A8C /* Default-568h@2x.png in Resources */ = {isa = PBXBuildFile; fileRef = 771602531BFEE78E00FC9A8C /* Default-568h@2x.png */; };
		77EAF0DF1BFDF39600E6413B /* Foundation.framework in Frameworks */ = {isa = PBXBuildFile; fileRef = 77EAF0DE1BFDF39600E6413B /* Foundation.framework */; };
		77EAF0E11BFDF39600E6413B /* CoreGraphics.framework in Frameworks */ = {isa = PBXBuildFile; fileRef = 77EAF0E01BFDF39600E6413B /* CoreGraphics.framework */; };
		77EAF0E31BFDF39600E6413B /* UIKit.framework in Frameworks */ = {isa = PBXBuildFile; fileRef = 77EAF0E21BFDF39600E6413B /* UIKit.framework */; };
		77EAF0E91BFDF39600E6413B /* InfoPlist.strings in Resources */ = {isa = PBXBuildFile; fileRef = 77EAF0E71BFDF39600E6413B /* InfoPlist.strings */; };
		77EAF0EB1BFDF39600E6413B /* main.m in Sources */ = {isa = PBXBuildFile; fileRef = 77EAF0EA1BFDF39600E6413B /* main.m */; };
		77EAF0EF1BFDF39600E6413B /* AppDelegate.m in Sources */ = {isa = PBXBuildFile; fileRef = 77EAF0EE1BFDF39600E6413B /* AppDelegate.m */; };
		77EAF0F11BFDF39600E6413B /* Images.xcassets in Resources */ = {isa = PBXBuildFile; fileRef = 77EAF0F01BFDF39600E6413B /* Images.xcassets */; };
		77EAF0F81BFDF39600E6413B /* XCTest.framework in Frameworks */ = {isa = PBXBuildFile; fileRef = 77EAF0F71BFDF39600E6413B /* XCTest.framework */; };
		77EAF0F91BFDF39600E6413B /* Foundation.framework in Frameworks */ = {isa = PBXBuildFile; fileRef = 77EAF0DE1BFDF39600E6413B /* Foundation.framework */; };
		77EAF0FA1BFDF39600E6413B /* UIKit.framework in Frameworks */ = {isa = PBXBuildFile; fileRef = 77EAF0E21BFDF39600E6413B /* UIKit.framework */; };
		77EAF1021BFDF39600E6413B /* InfoPlist.strings in Resources */ = {isa = PBXBuildFile; fileRef = 77EAF1001BFDF39600E6413B /* InfoPlist.strings */; };
		77EAF1041BFDF39600E6413B /* CollectionSearchTests.m in Sources */ = {isa = PBXBuildFile; fileRef = 77EAF1031BFDF39600E6413B /* CollectionSearchTests.m */; };
		77EAF1101BFDF3AC00E6413B /* HomeViewController.m in Sources */ = {isa = PBXBuildFile; fileRef = 77EAF10E1BFDF3AC00E6413B /* HomeViewController.m */; };
		77EAF1111BFDF3AC00E6413B /* HomeViewController.xib in Resources */ = {isa = PBXBuildFile; fileRef = 77EAF10F1BFDF3AC00E6413B /* HomeViewController.xib */; };
		77EAF1141BFDF48700E6413B /* CollectionCell.m in Sources */ = {isa = PBXBuildFile; fileRef = 77EAF1131BFDF48700E6413B /* CollectionCell.m */; };
		77EAF1161BFDF49E00E6413B /* CollectionCell.xib in Resources */ = {isa = PBXBuildFile; fileRef = 77EAF1151BFDF49E00E6413B /* CollectionCell.xib */; };
		77EAF1191BFDF67F00E6413B /* Search.m in Sources */ = {isa = PBXBuildFile; fileRef = 77EAF1181BFDF67F00E6413B /* Search.m */; };
		77FDBC911BFEDF330060053D /* roundedblue.png in Resources */ = {isa = PBXBuildFile; fileRef = 77FDBC8F1BFEDF330060053D /* roundedblue.png */; };
		77FDBC921BFEDF330060053D /* rounded.png in Resources */ = {isa = PBXBuildFile; fileRef = 77FDBC901BFEDF330060053D /* rounded.png */; };
/* End PBXBuildFile section */

/* Begin PBXContainerItemProxy section */
		77EAF0FB1BFDF39600E6413B /* PBXContainerItemProxy */ = {
			isa = PBXContainerItemProxy;
			containerPortal = 77EAF0D31BFDF39600E6413B /* Project object */;
			proxyType = 1;
			remoteGlobalIDString = 77EAF0DA1BFDF39600E6413B;
			remoteInfo = CollectionSearch;
		};
/* End PBXContainerItemProxy section */

/* Begin PBXFileReference section */
		771602531BFEE78E00FC9A8C /* Default-568h@2x.png */ = {isa = PBXFileReference; lastKnownFileType = image.png; path = "Default-568h@2x.png"; sourceTree = "<group>"; };
		77EAF0DB1BFDF39600E6413B /* CollectionSearch.app */ = {isa = PBXFileReference; explicitFileType = wrapper.application; includeInIndex = 0; path = CollectionSearch.app; sourceTree = BUILT_PRODUCTS_DIR; };
		77EAF0DE1BFDF39600E6413B /* Foundation.framework */ = {isa = PBXFileReference; lastKnownFileType = wrapper.framework; name = Foundation.framework; path = System/Library/Frameworks/Foundation.framework; sourceTree = SDKROOT; };
		77EAF0E01BFDF39600E6413B /* CoreGraphics.framework */ = {isa = PBXFileReference; lastKnownFileType = wrapper.framework; name = CoreGraphics.framework; path = System/Library/Frameworks/CoreGraphics.framework; sourceTree = SDKROOT; };
		77EAF0E21BFDF39600E6413B /* UIKit.framework */ = {isa = PBXFileReference; lastKnownFileType = wrapper.framework; name = UIKit.framework; path = System/Library/Frameworks/UIKit.framework; sourceTree = SDKROOT; };
		77EAF0E61BFDF39600E6413B /* CollectionSearch-Info.plist */ = {isa = PBXFileReference; lastKnownFileType = text.plist.xml; path = "CollectionSearch-Info.plist"; sourceTree = "<group>"; };
		77EAF0E81BFDF39600E6413B /* en */ = {isa = PBXFileReference; lastKnownFileType = text.plist.strings; name = en; path = en.lproj/InfoPlist.strings; sourceTree = "<group>"; };
		77EAF0EA1BFDF39600E6413B /* main.m */ = {isa = PBXFileReference; lastKnownFileType = sourcecode.c.objc; path = main.m; sourceTree = "<group>"; };
		77EAF0EC1BFDF39600E6413B /* CollectionSearch-Prefix.pch */ = {isa = PBXFileReference; lastKnownFileType = sourcecode.c.h; path = "CollectionSearch-Prefix.pch"; sourceTree = "<group>"; };
		77EAF0ED1BFDF39600E6413B /* AppDelegate.h */ = {isa = PBXFileReference; lastKnownFileType = sourcecode.c.h; path = AppDelegate.h; sourceTree = "<group>"; };
		77EAF0EE1BFDF39600E6413B /* AppDelegate.m */ = {isa = PBXFileReference; lastKnownFileType = sourcecode.c.objc; path = AppDelegate.m; sourceTree = "<group>"; };
		77EAF0F01BFDF39600E6413B /* Images.xcassets */ = {isa = PBXFileReference; lastKnownFileType = folder.assetcatalog; path = Images.xcassets; sourceTree = "<group>"; };
		77EAF0F61BFDF39600E6413B /* CollectionSearchTests.xctest */ = {isa = PBXFileReference; explicitFileType = wrapper.cfbundle; includeInIndex = 0; path = CollectionSearchTests.xctest; sourceTree = BUILT_PRODUCTS_DIR; };
		77EAF0F71BFDF39600E6413B /* XCTest.framework */ = {isa = PBXFileReference; lastKnownFileType = wrapper.framework; name = XCTest.framework; path = Library/Frameworks/XCTest.framework; sourceTree = DEVELOPER_DIR; };
		77EAF0FF1BFDF39600E6413B /* CollectionSearchTests-Info.plist */ = {isa = PBXFileReference; lastKnownFileType = text.plist.xml; path = "CollectionSearchTests-Info.plist"; sourceTree = "<group>"; };
		77EAF1011BFDF39600E6413B /* en */ = {isa = PBXFileReference; lastKnownFileType = text.plist.strings; name = en; path = en.lproj/InfoPlist.strings; sourceTree = "<group>"; };
		77EAF1031BFDF39600E6413B /* CollectionSearchTests.m */ = {isa = PBXFileReference; lastKnownFileType = sourcecode.c.objc; path = CollectionSearchTests.m; sourceTree = "<group>"; };
		77EAF10D1BFDF3AC00E6413B /* HomeViewController.h */ = {isa = PBXFileReference; fileEncoding = 4; lastKnownFileType = sourcecode.c.h; path = HomeViewController.h; sourceTree = "<group>"; };
		77EAF10E1BFDF3AC00E6413B /* HomeViewController.m */ = {isa = PBXFileReference; fileEncoding = 4; lastKnownFileType = sourcecode.c.objc; path = HomeViewController.m; sourceTree = "<group>"; };
		77EAF10F1BFDF3AC00E6413B /* HomeViewController.xib */ = {isa = PBXFileReference; fileEncoding = 4; lastKnownFileType = file.xib; path = HomeViewController.xib; sourceTree = "<group>"; };
		77EAF1121BFDF48700E6413B /* CollectionCell.h */ = {isa = PBXFileReference; fileEncoding = 4; lastKnownFileType = sourcecode.c.h; path = CollectionCell.h; sourceTree = "<group>"; };
		77EAF1131BFDF48700E6413B /* CollectionCell.m */ = {isa = PBXFileReference; fileEncoding = 4; lastKnownFileType = sourcecode.c.objc; path = CollectionCell.m; sourceTree = "<group>"; };
		77EAF1151BFDF49E00E6413B /* CollectionCell.xib */ = {isa = PBXFileReference; fileEncoding = 4; lastKnownFileType = file.xib; path = CollectionCell.xib; sourceTree = "<group>"; };
		77EAF1171BFDF67F00E6413B /* Search.h */ = {isa = PBXFileReference; fileEncoding = 4; lastKnownFileType = sourcecode.c.h; name = Search.h; path = CollectionSearch/Search.h; sourceTree = "<group>"; };
		77EAF1181BFDF67F00E6413B /* Search.m */ = {isa = PBXFileReference; fileEncoding = 4; lastKnownFileType = sourcecode.c.objc; name = Search.m; path = CollectionSearch/Search.m; sourceTree = "<group>"; };
		77FDBC8F1BFEDF330060053D /* roundedblue.png */ = {isa = PBXFileReference; lastKnownFileType = image.png; path = roundedblue.png; sourceTree = "<group>"; };
		77FDBC901BFEDF330060053D /* rounded.png */ = {isa = PBXFileReference; lastKnownFileType = image.png; path = rounded.png; sourceTree = "<group>"; };
/* End PBXFileReference section */

/* Begin PBXFrameworksBuildPhase section */
		77EAF0D81BFDF39600E6413B /* Frameworks */ = {
			isa = PBXFrameworksBuildPhase;
			buildActionMask = 2147483647;
			files = (
				77EAF0E11BFDF39600E6413B /* CoreGraphics.framework in Frameworks */,
				77EAF0E31BFDF39600E6413B /* UIKit.framework in Frameworks */,
				77EAF0DF1BFDF39600E6413B /* Foundation.framework in Frameworks */,
			);
			runOnlyForDeploymentPostprocessing = 0;
		};
		77EAF0F31BFDF39600E6413B /* Frameworks */ = {
			isa = PBXFrameworksBuildPhase;
			buildActionMask = 2147483647;
			files = (
				77EAF0F81BFDF39600E6413B /* XCTest.framework in Frameworks */,
				77EAF0FA1BFDF39600E6413B /* UIKit.framework in Frameworks */,
				77EAF0F91BFDF39600E6413B /* Foundation.framework in Frameworks */,
			);
			runOnlyForDeploymentPostprocessing = 0;
		};
/* End PBXFrameworksBuildPhase section */

/* Begin PBXGroup section */
		77EAF0D21BFDF39600E6413B = {
			isa = PBXGroup;
			children = (
				771602531BFEE78E00FC9A8C /* Default-568h@2x.png */,
				77FDBC8F1BFEDF330060053D /* roundedblue.png */,
				77FDBC901BFEDF330060053D /* rounded.png */,
				77EAF1171BFDF67F00E6413B /* Search.h */,
				77EAF1181BFDF67F00E6413B /* Search.m */,
				77EAF0E41BFDF39600E6413B /* CollectionSearch */,
				77EAF0FD1BFDF39600E6413B /* CollectionSearchTests */,
				77EAF0DD1BFDF39600E6413B /* Frameworks */,
				77EAF0DC1BFDF39600E6413B /* Products */,
			);
			sourceTree = "<group>";
		};
		77EAF0DC1BFDF39600E6413B /* Products */ = {
			isa = PBXGroup;
			children = (
				77EAF0DB1BFDF39600E6413B /* CollectionSearch.app */,
				77EAF0F61BFDF39600E6413B /* CollectionSearchTests.xctest */,
			);
			name = Products;
			sourceTree = "<group>";
		};
		77EAF0DD1BFDF39600E6413B /* Frameworks */ = {
			isa = PBXGroup;
			children = (
				77EAF0DE1BFDF39600E6413B /* Foundation.framework */,
				77EAF0E01BFDF39600E6413B /* CoreGraphics.framework */,
				77EAF0E21BFDF39600E6413B /* UIKit.framework */,
				77EAF0F71BFDF39600E6413B /* XCTest.framework */,
			);
			name = Frameworks;
			sourceTree = "<group>";
		};
		77EAF0E41BFDF39600E6413B /* CollectionSearch */ = {
			isa = PBXGroup;
			children = (
				77EAF0ED1BFDF39600E6413B /* AppDelegate.h */,
				77EAF0EE1BFDF39600E6413B /* AppDelegate.m */,
				77EAF10D1BFDF3AC00E6413B /* HomeViewController.h */,
				77EAF10E1BFDF3AC00E6413B /* HomeViewController.m */,
				77EAF10F1BFDF3AC00E6413B /* HomeViewController.xib */,
				77EAF1121BFDF48700E6413B /* CollectionCell.h */,
				77EAF1131BFDF48700E6413B /* CollectionCell.m */,
				77EAF1151BFDF49E00E6413B /* CollectionCell.xib */,
				77EAF0F01BFDF39600E6413B /* Images.xcassets */,
				77EAF0E51BFDF39600E6413B /* Supporting Files */,
			);
			path = CollectionSearch;
			sourceTree = "<group>";
		};
		77EAF0E51BFDF39600E6413B /* Supporting Files */ = {
			isa = PBXGroup;
			children = (
				77EAF0E61BFDF39600E6413B /* CollectionSearch-Info.plist */,
				77EAF0E71BFDF39600E6413B /* InfoPlist.strings */,
				77EAF0EA1BFDF39600E6413B /* main.m */,
				77EAF0EC1BFDF39600E6413B /* CollectionSearch-Prefix.pch */,
			);
			name = "Supporting Files";
			sourceTree = "<group>";
		};
		77EAF0FD1BFDF39600E6413B /* CollectionSearchTests */ = {
			isa = PBXGroup;
			children = (
				77EAF1031BFDF39600E6413B /* CollectionSearchTests.m */,
				77EAF0FE1BFDF39600E6413B /* Supporting Files */,
			);
			path = CollectionSearchTests;
			sourceTree = "<group>";
		};
		77EAF0FE1BFDF39600E6413B /* Supporting Files */ = {
			isa = PBXGroup;
			children = (
				77EAF0FF1BFDF39600E6413B /* CollectionSearchTests-Info.plist */,
				77EAF1001BFDF39600E6413B /* InfoPlist.strings */,
			);
			name = "Supporting Files";
			sourceTree = "<group>";
		};
/* End PBXGroup section */

/* Begin PBXNativeTarget section */
		77EAF0DA1BFDF39600E6413B /* CollectionSearch */ = {
			isa = PBXNativeTarget;
			buildConfigurationList = 77EAF1071BFDF39600E6413B /* Build configuration list for PBXNativeTarget "CollectionSearch" */;
			buildPhases = (
				77EAF0D71BFDF39600E6413B /* Sources */,
				77EAF0D81BFDF39600E6413B /* Frameworks */,
				77EAF0D91BFDF39600E6413B /* Resources */,
			);
			buildRules = (
			);
			dependencies = (
			);
			name = CollectionSearch;
			productName = CollectionSearch;
			productReference = 77EAF0DB1BFDF39600E6413B /* CollectionSearch.app */;
			productType = "com.apple.product-type.application";
		};
		77EAF0F51BFDF39600E6413B /* CollectionSearchTests */ = {
			isa = PBXNativeTarget;
			buildConfigurationList = 77EAF10A1BFDF39600E6413B /* Build configuration list for PBXNativeTarget "CollectionSearchTests" */;
			buildPhases = (
				77EAF0F21BFDF39600E6413B /* Sources */,
				77EAF0F31BFDF39600E6413B /* Frameworks */,
				77EAF0F41BFDF39600E6413B /* Resources */,
			);
			buildRules = (
			);
			dependencies = (
				77EAF0FC1BFDF39600E6413B /* PBXTargetDependency */,
			);
			name = CollectionSearchTests;
			productName = CollectionSearchTests;
			productReference = 77EAF0F61BFDF39600E6413B /* CollectionSearchTests.xctest */;
			productType = "com.apple.product-type.bundle.unit-test";
		};
/* End PBXNativeTarget section */

/* Begin PBXProject section */
		77EAF0D31BFDF39600E6413B /* Project object */ = {
			isa = PBXProject;
			attributes = {
				LastUpgradeCheck = 0710;
				ORGANIZATIONNAME = Syzygy;
				TargetAttributes = {
					77EAF0F51BFDF39600E6413B = {
						TestTargetID = 77EAF0DA1BFDF39600E6413B;
					};
				};
			};
			buildConfigurationList = 77EAF0D61BFDF39600E6413B /* Build configuration list for PBXProject "CollectionSearch" */;
			compatibilityVersion = "Xcode 3.2";
			developmentRegion = English;
			hasScannedForEncodings = 0;
			knownRegions = (
				en,
			);
			mainGroup = 77EAF0D21BFDF39600E6413B;
			productRefGroup = 77EAF0DC1BFDF39600E6413B /* Products */;
			projectDirPath = "";
			projectRoot = "";
			targets = (
				77EAF0DA1BFDF39600E6413B /* CollectionSearch */,
				77EAF0F51BFDF39600E6413B /* CollectionSearchTests */,
			);
		};
/* End PBXProject section */

/* Begin PBXResourcesBuildPhase section */
		77EAF0D91BFDF39600E6413B /* Resources */ = {
			isa = PBXResourcesBuildPhase;
			buildActionMask = 2147483647;
			files = (
				77FDBC921BFEDF330060053D /* rounded.png in Resources */,
				77EAF0E91BFDF39600E6413B /* InfoPlist.strings in Resources */,
				77EAF0F11BFDF39600E6413B /* Images.xcassets in Resources */,
				77EAF1111BFDF3AC00E6413B /* HomeViewController.xib in Resources */,
				77EAF1161BFDF49E00E6413B /* CollectionCell.xib in Resources */,
				771602541BFEE78E00FC9A8C /* Default-568h@2x.png in Resources */,
				77FDBC911BFEDF330060053D /* roundedblue.png in Resources */,
			);
			runOnlyForDeploymentPostprocessing = 0;
		};
		77EAF0F41BFDF39600E6413B /* Resources */ = {
			isa = PBXResourcesBuildPhase;
			buildActionMask = 2147483647;
			files = (
				77EAF1021BFDF39600E6413B /* InfoPlist.strings in Resources */,
			);
			runOnlyForDeploymentPostprocessing = 0;
		};
/* End PBXResourcesBuildPhase section */

/* Begin PBXSourcesBuildPhase section */
		77EAF0D71BFDF39600E6413B /* Sources */ = {
			isa = PBXSourcesBuildPhase;
			buildActionMask = 2147483647;
			files = (
				77EAF0EF1BFDF39600E6413B /* AppDelegate.m in Sources */,
				77EAF0EB1BFDF39600E6413B /* main.m in Sources */,
				77EAF1191BFDF67F00E6413B /* Search.m in Sources */,
				77EAF1101BFDF3AC00E6413B /* HomeViewController.m in Sources */,
				77EAF1141BFDF48700E6413B /* CollectionCell.m in Sources */,
			);
			runOnlyForDeploymentPostprocessing = 0;
		};
		77EAF0F21BFDF39600E6413B /* Sources */ = {
			isa = PBXSourcesBuildPhase;
			buildActionMask = 2147483647;
			files = (
				77EAF1041BFDF39600E6413B /* CollectionSearchTests.m in Sources */,
			);
			runOnlyForDeploymentPostprocessing = 0;
		};
/* End PBXSourcesBuildPhase section */

/* Begin PBXTargetDependency section */
		77EAF0FC1BFDF39600E6413B /* PBXTargetDependency */ = {
			isa = PBXTargetDependency;
			target = 77EAF0DA1BFDF39600E6413B /* CollectionSearch */;
			targetProxy = 77EAF0FB1BFDF39600E6413B /* PBXContainerItemProxy */;
		};
/* End PBXTargetDependency section */

/* Begin PBXVariantGroup section */
		77EAF0E71BFDF39600E6413B /* InfoPlist.strings */ = {
			isa = PBXVariantGroup;
			children = (
				77EAF0E81BFDF39600E6413B /* en */,
			);
			name = InfoPlist.strings;
			sourceTree = "<group>";
		};
		77EAF1001BFDF39600E6413B /* InfoPlist.strings */ = {
			isa = PBXVariantGroup;
			children = (
				77EAF1011BFDF39600E6413B /* en */,
			);
			name = InfoPlist.strings;
			sourceTree = "<group>";
		};
/* End PBXVariantGroup section */

/* Begin XCBuildConfiguration section */
		77EAF1051BFDF39600E6413B /* Debug */ = {
			isa = XCBuildConfiguration;
			buildSettings = {
				ALWAYS_SEARCH_USER_PATHS = NO;
				CLANG_CXX_LANGUAGE_STANDARD = "gnu++0x";
				CLANG_CXX_LIBRARY = "libc++";
				CLANG_ENABLE_MODULES = YES;
				CLANG_ENABLE_OBJC_ARC = YES;
				CLANG_WARN_BOOL_CONVERSION = YES;
				CLANG_WARN_CONSTANT_CONVERSION = YES;
				CLANG_WARN_DIRECT_OBJC_ISA_USAGE = YES_ERROR;
				CLANG_WARN_EMPTY_BODY = YES;
				CLANG_WARN_ENUM_CONVERSION = YES;
				CLANG_WARN_INT_CONVERSION = YES;
				CLANG_WARN_OBJC_ROOT_CLASS = YES_ERROR;
				CLANG_WARN__DUPLICATE_METHOD_MATCH = YES;
				"CODE_SIGN_IDENTITY[sdk=iphoneos*]" = "iPhone Developer";
				COPY_PHASE_STRIP = NO;
				ENABLE_TESTABILITY = YES;
				GCC_C_LANGUAGE_STANDARD = gnu99;
				GCC_DYNAMIC_NO_PIC = NO;
				GCC_OPTIMIZATION_LEVEL = 0;
				GCC_PREPROCESSOR_DEFINITIONS = (
					"DEBUG=1",
					"$(inherited)",
				);
				GCC_SYMBOLS_PRIVATE_EXTERN = NO;
				GCC_WARN_64_TO_32_BIT_CONVERSION = YES;
				GCC_WARN_ABOUT_RETURN_TYPE = YES_ERROR;
				GCC_WARN_UNDECLARED_SELECTOR = YES;
				GCC_WARN_UNINITIALIZED_AUTOS = YES_AGGRESSIVE;
				GCC_WARN_UNUSED_FUNCTION = YES;
				GCC_WARN_UNUSED_VARIABLE = YES;
				IPHONEOS_DEPLOYMENT_TARGET = 7.1;
				ONLY_ACTIVE_ARCH = YES;
				SDKROOT = iphoneos;
			};
			name = Debug;
		};
		77EAF1061BFDF39600E6413B /* Release */ = {
			isa = XCBuildConfiguration;
			buildSettings = {
				ALWAYS_SEARCH_USER_PATHS = NO;
				CLANG_CXX_LANGUAGE_STANDARD = "gnu++0x";
				CLANG_CXX_LIBRARY = "libc++";
				CLANG_ENABLE_MODULES = YES;
				CLANG_ENABLE_OBJC_ARC = YES;
				CLANG_WARN_BOOL_CONVERSION = YES;
				CLANG_WARN_CONSTANT_CONVERSION = YES;
				CLANG_WARN_DIRECT_OBJC_ISA_USAGE = YES_ERROR;
				CLANG_WARN_EMPTY_BODY = YES;
				CLANG_WARN_ENUM_CONVERSION = YES;
				CLANG_WARN_INT_CONVERSION = YES;
				CLANG_WARN_OBJC_ROOT_CLASS = YES_ERROR;
				CLANG_WARN__DUPLICATE_METHOD_MATCH = YES;
				"CODE_SIGN_IDENTITY[sdk=iphoneos*]" = "iPhone Developer";
				COPY_PHASE_STRIP = YES;
				ENABLE_NS_ASSERTIONS = NO;
				GCC_C_LANGUAGE_STANDARD = gnu99;
				GCC_WARN_64_TO_32_BIT_CONVERSION = YES;
				GCC_WARN_ABOUT_RETURN_TYPE = YES_ERROR;
				GCC_WARN_UNDECLARED_SELECTOR = YES;
				GCC_WARN_UNINITIALIZED_AUTOS = YES_AGGRESSIVE;
				GCC_WARN_UNUSED_FUNCTION = YES;
				GCC_WARN_UNUSED_VARIABLE = YES;
				IPHONEOS_DEPLOYMENT_TARGET = 7.1;
				SDKROOT = iphoneos;
				VALIDATE_PRODUCT = YES;
			};
			name = Release;
		};
		77EAF1081BFDF39600E6413B /* Debug */ = {
			isa = XCBuildConfiguration;
			buildSettings = {
				GCC_PRECOMPILE_PREFIX_HEADER = YES;
				GCC_PREFIX_HEADER = "CollectionSearch/CollectionSearch-Prefix.pch";
				INFOPLIST_FILE = "CollectionSearch/CollectionSearch-Info.plist";
				PRODUCT_BUNDLE_IDENTIFIER = "Syzygy.${PRODUCT_NAME:rfc1034identifier}";
				PRODUCT_NAME = "$(TARGET_NAME)";
				WRAPPER_EXTENSION = app;
			};
			name = Debug;
		};
		77EAF1091BFDF39600E6413B /* Release */ = {
			isa = XCBuildConfiguration;
			buildSettings = {
				GCC_PRECOMPILE_PREFIX_HEADER = YES;
				GCC_PREFIX_HEADER = "CollectionSearch/CollectionSearch-Prefix.pch";
				INFOPLIST_FILE = "CollectionSearch/CollectionSearch-Info.plist";
				PRODUCT_BUNDLE_IDENTIFIER = "Syzygy.${PRODUCT_NAME:rfc1034identifier}";
				PRODUCT_NAME = "$(TARGET_NAME)";
				WRAPPER_EXTENSION = app;
			};
			name = Release;
		};
		77EAF10B1BFDF39600E6413B /* Debug */ = {
			isa = XCBuildConfiguration;
			buildSettings = {
				BUNDLE_LOADER = "$(BUILT_PRODUCTS_DIR)/CollectionSearch.app/CollectionSearch";
				FRAMEWORK_SEARCH_PATHS = (
					"$(SDKROOT)/Developer/Library/Frameworks",
					"$(inherited)",
					"$(DEVELOPER_FRAMEWORKS_DIR)",
				);
				GCC_PRECOMPILE_PREFIX_HEADER = YES;
				GCC_PREFIX_HEADER = "CollectionSearch/CollectionSearch-Prefix.pch";
				GCC_PREPROCESSOR_DEFINITIONS = (
					"DEBUG=1",
					"$(inherited)",
				);
				INFOPLIST_FILE = "CollectionSearchTests/CollectionSearchTests-Info.plist";
				PRODUCT_BUNDLE_IDENTIFIER = "Syzygy.${PRODUCT_NAME:rfc1034identifier}";
				PRODUCT_NAME = "$(TARGET_NAME)";
				TEST_HOST = "$(BUNDLE_LOADER)";
				WRAPPER_EXTENSION = xctest;
			};
			name = Debug;
		};
		77EAF10C1BFDF39600E6413B /* Release */ = {
			isa = XCBuildConfiguration;
			buildSettings = {
				BUNDLE_LOADER = "$(BUILT_PRODUCTS_DIR)/CollectionSearch.app/CollectionSearch";
				FRAMEWORK_SEARCH_PATHS = (
					"$(SDKROOT)/Developer/Library/Frameworks",
					"$(inherited)",
					"$(DEVELOPER_FRAMEWORKS_DIR)",
				);
				GCC_PRECOMPILE_PREFIX_HEADER = YES;
				GCC_PREFIX_HEADER = "CollectionSearch/CollectionSearch-Prefix.pch";
				INFOPLIST_FILE = "CollectionSearchTests/CollectionSearchTests-Info.plist";
				PRODUCT_BUNDLE_IDENTIFIER = "Syzygy.${PRODUCT_NAME:rfc1034identifier}";
				PRODUCT_NAME = "$(TARGET_NAME)";
				TEST_HOST = "$(BUNDLE_LOADER)";
				WRAPPER_EXTENSION = xctest;
			};
			name = Release;
		};
/* End XCBuildConfiguration section */

/* Begin XCConfigurationList section */
		77EAF0D61BFDF39600E6413B /* Build configuration list for PBXProject "CollectionSearch" */ = {
			isa = XCConfigurationList;
			buildConfigurations = (
				77EAF1051BFDF39600E6413B /* Debug */,
				77EAF1061BFDF39600E6413B /* Release */,
			);
			defaultConfigurationIsVisible = 0;
			defaultConfigurationName = Release;
		};
		77EAF1071BFDF39600E6413B /* Build configuration list for PBXNativeTarget "CollectionSearch" */ = {
			isa = XCConfigurationList;
			buildConfigurations = (
				77EAF1081BFDF39600E6413B /* Debug */,
				77EAF1091BFDF39600E6413B /* Release */,
			);
			defaultConfigurationIsVisible = 0;
			defaultConfigurationName = Release;
		};
		77EAF10A1BFDF39600E6413B /* Build configuration list for PBXNativeTarget "CollectionSearchTests" */ = {
			isa = XCConfigurationList;
			buildConfigurations = (
				77EAF10B1BFDF39600E6413B /* Debug */,
				77EAF10C1BFDF39600E6413B /* Release */,
			);
			defaultConfigurationIsVisible = 0;
			defaultConfigurationName = Release;
		};
/* End XCConfigurationList section */
	};
	rootObject = 77EAF0D31BFDF39600E6413B /* Project object */;
}
